
Microsoft Visual Studio Solution File, Format Version 12.00
# Visual Studio Version 16
VisualStudioVersion = 16.0.28809.33
MinimumVisualStudioVersion = 10.0.40219.1
Project("{FAE04EC0-301F-11D3-BF4B-00C04F79EFBC}") = "zmqtest", "zmqtest\zmqtest.csproj", "{2CEC37B6-00C9-42EA-8B61-AC53EF9D0E82}"
EndProject
Project("{FAE04EC0-301F-11D3-BF4B-00C04F79EFBC}") = "worker", "worker\worker.csproj", "{1329A1E4-A999-42AB-BC9C-A0ADE59E925E}"
EndProject
Project("{FAE04EC0-301F-11D3-BF4B-00C04F79EFBC}") = "frontend", "frontend\frontend.csproj", "{95AB7706-37E4-4FE6-96A4-B42100F86D87}"
EndProject
Global
	GlobalSection(SolutionConfigurationPlatforms) = preSolution
		Debug|Any CPU = Debug|Any CPU
		Release|Any CPU = Release|Any CPU
	EndGlobalSection
	GlobalSection(ProjectConfigurationPlatforms) = postSolution
		{2CEC37B6-00C9-42EA-8B61-AC53EF9D0E82}.Debug|Any CPU.ActiveCfg = Debug|Any CPU
		{2CEC37B6-00C9-42EA-8B61-AC53EF9D0E82}.Debug|Any CPU.Build.0 = Debug|Any CPU
		{2CEC37B6-00C9-42EA-8B61-AC53EF9D0E82}.Release|Any CPU.ActiveCfg = Release|Any CPU
		{2CEC37B6-00C9-42EA-8B61-AC53EF9D0E82}.Release|Any CPU.Build.0 = Release|Any CPU
		{1329A1E4-A999-42AB-BC9C-A0ADE59E925E}.Debug|Any CPU.ActiveCfg = Debug|Any CPU
		{1329A1E4-A999-42AB-BC9C-A0ADE59E925E}.Debug|Any CPU.Build.0 = Debug|Any CPU
		{1329A1E4-A999-42AB-BC9C-A0ADE59E925E}.Release|Any CPU.ActiveCfg = Release|Any CPU
		{1329A1E4-A999-42AB-BC9C-A0ADE59E925E}.Release|Any CPU.Build.0 = Release|Any CPU
		{95AB7706-37E4-4FE6-96A4-B42100F86D87}.Debug|Any CPU.ActiveCfg = Debug|Any CPU
		{95AB7706-37E4-4FE6-96A4-B42100F86D87}.Debug|Any CPU.Build.0 = Debug|Any CPU
		{95AB7706-37E4-4FE6-96A4-B42100F86D87}.Release|Any CPU.ActiveCfg = Release|Any CPU
		{95AB7706-37E4-4FE6-96A4-B42100F86D87}.Release|Any CPU.Build.0 = Release|Any CPU
	EndGlobalSection
	GlobalSection(SolutionProperties) = preSolution
		HideSolutionNode = FALSE
	EndGlobalSection
	GlobalSection(ExtensibilityGlobals) = postSolution
		SolutionGuid = {8AA58C57-32D7-4D50-9FF1-B45EB0603655}
	EndGlobalSection
EndGlobal
